// !$*UTF8*$!
{
	archiveVersion = 1;
	classes = {
	};
	objectVersion = 46;
	objects = {

/* Begin PBXBuildFile section */
		220AFBC61D3EB0E70088BB0B /* AppDelegate.swift in Sources */ = {isa = PBXBuildFile; fileRef = 220AFBC51D3EB0E70088BB0B /* AppDelegate.swift */; };
		220AFBC81D3EB0E70088BB0B /* ViewController.swift in Sources */ = {isa = PBXBuildFile; fileRef = 220AFBC71D3EB0E70088BB0B /* ViewController.swift */; };
		220AFBCB1D3EB0E70088BB0B /* Main.storyboard in Resources */ = {isa = PBXBuildFile; fileRef = 220AFBC91D3EB0E70088BB0B /* Main.storyboard */; };
		220AFBCD1D3EB0E70088BB0B /* Assets.xcassets in Resources */ = {isa = PBXBuildFile; fileRef = 220AFBCC1D3EB0E70088BB0B /* Assets.xcassets */; };
		220AFBD01D3EB0E70088BB0B /* LaunchScreen.storyboard in Resources */ = {isa = PBXBuildFile; fileRef = 220AFBCE1D3EB0E70088BB0B /* LaunchScreen.storyboard */; };
		220AFBDB1D3EB0E70088BB0B /* CustomCellTests.swift in Sources */ = {isa = PBXBuildFile; fileRef = 220AFBDA1D3EB0E70088BB0B /* CustomCellTests.swift */; };
		220AFBE61D3EB0E70088BB0B /* CustomCellUITests.swift in Sources */ = {isa = PBXBuildFile; fileRef = 220AFBE51D3EB0E70088BB0B /* CustomCellUITests.swift */; };
/* End PBXBuildFile section */

/* Begin PBXContainerItemProxy section */
		220AFBD71D3EB0E70088BB0B /* PBXContainerItemProxy */ = {
			isa = PBXContainerItemProxy;
			containerPortal = 220AFBBA1D3EB0E70088BB0B /* Project object */;
			proxyType = 1;
			remoteGlobalIDString = 220AFBC11D3EB0E70088BB0B;
			remoteInfo = CustomCell;
		};
		220AFBE21D3EB0E70088BB0B /* PBXContainerItemProxy */ = {
			isa = PBXContainerItemProxy;
			containerPortal = 220AFBBA1D3EB0E70088BB0B /* Project object */;
			proxyType = 1;
			remoteGlobalIDString = 220AFBC11D3EB0E70088BB0B;
			remoteInfo = CustomCell;
		};
/* End PBXContainerItemProxy section */

/* Begin PBXFileReference section */
		220AFBC21D3EB0E70088BB0B /* CustomCell.app */ = {isa = PBXFileReference; explicitFileType = wrapper.application; includeInIndex = 0; path = CustomCell.app; sourceTree = BUILT_PRODUCTS_DIR; };
		220AFBC51D3EB0E70088BB0B /* AppDelegate.swift */ = {isa = PBXFileReference; lastKnownFileType = sourcecode.swift; path = AppDelegate.swift; sourceTree = "<group>"; };
		220AFBC71D3EB0E70088BB0B /* ViewController.swift */ = {isa = PBXFileReference; lastKnownFileType = sourcecode.swift; path = ViewController.swift; sourceTree = "<group>"; };
		220AFBCA1D3EB0E70088BB0B /* Base */ = {isa = PBXFileReference; lastKnownFileType = file.storyboard; name = Base; path = Base.lproj/Main.storyboard; sourceTree = "<group>"; };
		220AFBCC1D3EB0E70088BB0B /* Assets.xcassets */ = {isa = PBXFileReference; lastKnownFileType = folder.assetcatalog; path = Assets.xcassets; sourceTree = "<group>"; };
		220AFBCF1D3EB0E70088BB0B /* Base */ = {isa = PBXFileReference; lastKnownFileType = file.storyboard; name = Base; path = Base.lproj/LaunchScreen.storyboard; sourceTree = "<group>"; };
		220AFBD11D3EB0E70088BB0B /* Info.plist */ = {isa = PBXFileReference; lastKnownFileType = text.plist.xml; path = Info.plist; sourceTree = "<group>"; };
		220AFBD61D3EB0E70088BB0B /* CustomCellTests.xctest */ = {isa = PBXFileReference; explicitFileType = wrapper.cfbundle; includeInIndex = 0; path = CustomCellTests.xctest; sourceTree = BUILT_PRODUCTS_DIR; };
		220AFBDA1D3EB0E70088BB0B /* CustomCellTests.swift */ = {isa = PBXFileReference; lastKnownFileType = sourcecode.swift; path = CustomCellTests.swift; sourceTree = "<group>"; };
		220AFBDC1D3EB0E70088BB0B /* Info.plist */ = {isa = PBXFileReference; lastKnownFileType = text.plist.xml; path = Info.plist; sourceTree = "<group>"; };
		220AFBE11D3EB0E70088BB0B /* CustomCellUITests.xctest */ = {isa = PBXFileReference; explicitFileType = wrapper.cfbundle; includeInIndex = 0; path = CustomCellUITests.xctest; sourceTree = BUILT_PRODUCTS_DIR; };
		220AFBE51D3EB0E70088BB0B /* CustomCellUITests.swift */ = {isa = PBXFileReference; lastKnownFileType = sourcecode.swift; path = CustomCellUITests.swift; sourceTree = "<group>"; };
		220AFBE71D3EB0E70088BB0B /* Info.plist */ = {isa = PBXFileReference; lastKnownFileType = text.plist.xml; path = Info.plist; sourceTree = "<group>"; };
/* End PBXFileReference section */

/* Begin PBXFrameworksBuildPhase section */
		220AFBBF1D3EB0E70088BB0B /* Frameworks */ = {
			isa = PBXFrameworksBuildPhase;
			buildActionMask = 2147483647;
			files = (
			);
			runOnlyForDeploymentPostprocessing = 0;
		};
		220AFBD31D3EB0E70088BB0B /* Frameworks */ = {
			isa = PBXFrameworksBuildPhase;
			buildActionMask = 2147483647;
			files = (
			);
			runOnlyForDeploymentPostprocessing = 0;
		};
		220AFBDE1D3EB0E70088BB0B /* Frameworks */ = {
			isa = PBXFrameworksBuildPhase;
			buildActionMask = 2147483647;
			files = (
			);
			runOnlyForDeploymentPostprocessing = 0;
		};
/* End PBXFrameworksBuildPhase section */

/* Begin PBXGroup section */
		220AFBB91D3EB0E70088BB0B = {
			isa = PBXGroup;
			children = (
				220AFBC41D3EB0E70088BB0B /* CustomCell */,
				220AFBD91D3EB0E70088BB0B /* CustomCellTests */,
				220AFBE41D3EB0E70088BB0B /* CustomCellUITests */,
				220AFBC31D3EB0E70088BB0B /* Products */,
			);
			sourceTree = "<group>";
		};
		220AFBC31D3EB0E70088BB0B /* Products */ = {
			isa = PBXGroup;
			children = (
				220AFBC21D3EB0E70088BB0B /* CustomCell.app */,
				220AFBD61D3EB0E70088BB0B /* CustomCellTests.xctest */,
				220AFBE11D3EB0E70088BB0B /* CustomCellUITests.xctest */,
			);
			name = Products;
			sourceTree = "<group>";
		};
		220AFBC41D3EB0E70088BB0B /* CustomCell */ = {
			isa = PBXGroup;
			children = (
				220AFBC51D3EB0E70088BB0B /* AppDelegate.swift */,
				220AFBC71D3EB0E70088BB0B /* ViewController.swift */,
				220AFBC91D3EB0E70088BB0B /* Main.storyboard */,
				220AFBCC1D3EB0E70088BB0B /* Assets.xcassets */,
				220AFBCE1D3EB0E70088BB0B /* LaunchScreen.storyboard */,
				220AFBD11D3EB0E70088BB0B /* Info.plist */,
			);
			path = CustomCell;
			sourceTree = "<group>";
		};
		220AFBD91D3EB0E70088BB0B /* CustomCellTests */ = {
			isa = PBXGroup;
			children = (
				220AFBDA1D3EB0E70088BB0B /* CustomCellTests.swift */,
				220AFBDC1D3EB0E70088BB0B /* Info.plist */,
			);
			path = CustomCellTests;
			sourceTree = "<group>";
		};
		220AFBE41D3EB0E70088BB0B /* CustomCellUITests */ = {
			isa = PBXGroup;
			children = (
				220AFBE51D3EB0E70088BB0B /* CustomCellUITests.swift */,
				220AFBE71D3EB0E70088BB0B /* Info.plist */,
			);
			path = CustomCellUITests;
			sourceTree = "<group>";
		};
/* End PBXGroup section */

/* Begin PBXNativeTarget section */
		220AFBC11D3EB0E70088BB0B /* CustomCell */ = {
			isa = PBXNativeTarget;
			buildConfigurationList = 220AFBEA1D3EB0E70088BB0B /* Build configuration list for PBXNativeTarget "CustomCell" */;
			buildPhases = (
				220AFBBE1D3EB0E70088BB0B /* Sources */,
				220AFBBF1D3EB0E70088BB0B /* Frameworks */,
				220AFBC01D3EB0E70088BB0B /* Resources */,
			);
			buildRules = (
			);
			dependencies = (
			);
			name = CustomCell;
			productName = CustomCell;
			productReference = 220AFBC21D3EB0E70088BB0B /* CustomCell.app */;
			productType = "com.apple.product-type.application";
		};
		220AFBD51D3EB0E70088BB0B /* CustomCellTests */ = {
			isa = PBXNativeTarget;
			buildConfigurationList = 220AFBED1D3EB0E70088BB0B /* Build configuration list for PBXNativeTarget "CustomCellTests" */;
			buildPhases = (
				220AFBD21D3EB0E70088BB0B /* Sources */,
				220AFBD31D3EB0E70088BB0B /* Frameworks */,
				220AFBD41D3EB0E70088BB0B /* Resources */,
			);
			buildRules = (
			);
			dependencies = (
				220AFBD81D3EB0E70088BB0B /* PBXTargetDependency */,
			);
			name = CustomCellTests;
			productName = CustomCellTests;
			productReference = 220AFBD61D3EB0E70088BB0B /* CustomCellTests.xctest */;
			productType = "com.apple.product-type.bundle.unit-test";
		};
		220AFBE01D3EB0E70088BB0B /* CustomCellUITests */ = {
			isa = PBXNativeTarget;
			buildConfigurationList = 220AFBF01D3EB0E70088BB0B /* Build configuration list for PBXNativeTarget "CustomCellUITests" */;
			buildPhases = (
				220AFBDD1D3EB0E70088BB0B /* Sources */,
				220AFBDE1D3EB0E70088BB0B /* Frameworks */,
				220AFBDF1D3EB0E70088BB0B /* Resources */,
			);
			buildRules = (
			);
			dependencies = (
				220AFBE31D3EB0E70088BB0B /* PBXTargetDependency */,
			);
			name = CustomCellUITests;
			productName = CustomCellUITests;
			productReference = 220AFBE11D3EB0E70088BB0B /* CustomCellUITests.xctest */;
			productType = "com.apple.product-type.bundle.ui-testing";
		};
/* End PBXNativeTarget section */

/* Begin PBXProject section */
		220AFBBA1D3EB0E70088BB0B /* Project object */ = {
			isa = PBXProject;
			attributes = {
				LastSwiftUpdateCheck = 0730;
				LastUpgradeCheck = 0730;
				ORGANIZATIONNAME = "Changtong Zhou";
				TargetAttributes = {
					220AFBC11D3EB0E70088BB0B = {
						CreatedOnToolsVersion = 7.3.1;
					};
					220AFBD51D3EB0E70088BB0B = {
						CreatedOnToolsVersion = 7.3.1;
						TestTargetID = 220AFBC11D3EB0E70088BB0B;
					};
					220AFBE01D3EB0E70088BB0B = {
						CreatedOnToolsVersion = 7.3.1;
						TestTargetID = 220AFBC11D3EB0E70088BB0B;
					};
				};
			};
			buildConfigurationList = 220AFBBD1D3EB0E70088BB0B /* Build configuration list for PBXProject "CustomCell" */;
			compatibilityVersion = "Xcode 3.2";
			developmentRegion = English;
			hasScannedForEncodings = 0;
			knownRegions = (
				en,
				Base,
			);
			mainGroup = 220AFBB91D3EB0E70088BB0B;
			productRefGroup = 220AFBC31D3EB0E70088BB0B /* Products */;
			projectDirPath = "";
			projectRoot = "";
			targets = (
				220AFBC11D3EB0E70088BB0B /* CustomCell */,
				220AFBD51D3EB0E70088BB0B /* CustomCellTests */,
				220AFBE01D3EB0E70088BB0B /* CustomCellUITests */,
			);
		};
/* End PBXProject section */

/* Begin PBXResourcesBuildPhase section */
		220AFBC01D3EB0E70088BB0B /* Resources */ = {
			isa = PBXResourcesBuildPhase;
			buildActionMask = 2147483647;
			files = (
				220AFBD01D3EB0E70088BB0B /* LaunchScreen.storyboard in Resources */,
				220AFBCD1D3EB0E70088BB0B /* Assets.xcassets in Resources */,
				220AFBCB1D3EB0E70088BB0B /* Main.storyboard in Resources */,
			);
			runOnlyForDeploymentPostprocessing = 0;
		};
		220AFBD41D3EB0E70088BB0B /* Resources */ = {
			isa = PBXResourcesBuildPhase;
			buildActionMask = 2147483647;
			files = (
			);
			runOnlyForDeploymentPostprocessing = 0;
		};
		220AFBDF1D3EB0E70088BB0B /* Resources */ = {
			isa = PBXResourcesBuildPhase;
			buildActionMask = 2147483647;
			files = (
			);
			runOnlyForDeploymentPostprocessing = 0;
		};
/* End PBXResourcesBuildPhase section */

/* Begin PBXSourcesBuildPhase section */
		220AFBBE1D3EB0E70088BB0B /* Sources */ = {
			isa = PBXSourcesBuildPhase;
			buildActionMask = 2147483647;
			files = (
				220AFBC81D3EB0E70088BB0B /* ViewController.swift in Sources */,
				220AFBC61D3EB0E70088BB0B /* AppDelegate.swift in Sources */,
			);
			runOnlyForDeploymentPostprocessing = 0;
		};
		220AFBD21D3EB0E70088BB0B /* Sources */ = {
			isa = PBXSourcesBuildPhase;
			buildActionMask = 2147483647;
			files = (
				220AFBDB1D3EB0E70088BB0B /* CustomCellTests.swift in Sources */,
			);
			runOnlyForDeploymentPostprocessing = 0;
		};
		220AFBDD1D3EB0E70088BB0B /* Sources */ = {
			isa = PBXSourcesBuildPhase;
			buildActionMask = 2147483647;
			files = (
				220AFBE61D3EB0E70088BB0B /* CustomCellUITests.swift in Sources */,
			);
			runOnlyForDeploymentPostprocessing = 0;
		};
/* End PBXSourcesBuildPhase section */

/* Begin PBXTargetDependency section */
		220AFBD81D3EB0E70088BB0B /* PBXTargetDependency */ = {
			isa = PBXTargetDependency;
			target = 220AFBC11D3EB0E70088BB0B /* CustomCell */;
			targetProxy = 220AFBD71D3EB0E70088BB0B /* PBXContainerItemProxy */;
		};
		220AFBE31D3EB0E70088BB0B /* PBXTargetDependency */ = {
			isa = PBXTargetDependency;
			target = 220AFBC11D3EB0E70088BB0B /* CustomCell */;
			targetProxy = 220AFBE21D3EB0E70088BB0B /* PBXContainerItemProxy */;
		};
/* End PBXTargetDependency section */

/* Begin PBXVariantGroup section */
		220AFBC91D3EB0E70088BB0B /* Main.storyboard */ = {
			isa = PBXVariantGroup;
			children = (
				220AFBCA1D3EB0E70088BB0B /* Base */,
			);
			name = Main.storyboard;
			sourceTree = "<group>";
		};
		220AFBCE1D3EB0E70088BB0B /* LaunchScreen.storyboard */ = {
			isa = PBXVariantGroup;
			children = (
				220AFBCF1D3EB0E70088BB0B /* Base */,
			);
			name = LaunchScreen.storyboard;
			sourceTree = "<group>";
		};
/* End PBXVariantGroup section */

/* Begin XCBuildConfiguration section */
		220AFBE81D3EB0E70088BB0B /* Debug */ = {
			isa = XCBuildConfiguration;
			buildSettings = {
				ALWAYS_SEARCH_USER_PATHS = NO;
				CLANG_ANALYZER_NONNULL = YES;
				CLANG_CXX_LANGUAGE_STANDARD = "gnu++0x";
				CLANG_CXX_LIBRARY = "libc++";
				CLANG_ENABLE_MODULES = YES;
				CLANG_ENABLE_OBJC_ARC = YES;
				CLANG_WARN_BOOL_CONVERSION = YES;
				CLANG_WARN_CONSTANT_CONVERSION = YES;
				CLANG_WARN_DIRECT_OBJC_ISA_USAGE = YES_ERROR;
				CLANG_WARN_EMPTY_BODY = YES;
				CLANG_WARN_ENUM_CONVERSION = YES;
				CLANG_WARN_INT_CONVERSION = YES;
				CLANG_WARN_OBJC_ROOT_CLASS = YES_ERROR;
				CLANG_WARN_UNREACHABLE_CODE = YES;
				CLANG_WARN__DUPLICATE_METHOD_MATCH = YES;
				"CODE_SIGN_IDENTITY[sdk=iphoneos*]" = "iPhone Developer";
				COPY_PHASE_STRIP = NO;
				DEBUG_INFORMATION_FORMAT = dwarf;
				ENABLE_STRICT_OBJC_MSGSEND = YES;
				ENABLE_TESTABILITY = YES;
				GCC_C_LANGUAGE_STANDARD = gnu99;
				GCC_DYNAMIC_NO_PIC = NO;
				GCC_NO_COMMON_BLOCKS = YES;
				GCC_OPTIMIZATION_LEVEL = 0;
				GCC_PREPROCESSOR_DEFINITIONS = (
					"DEBUG=1",
					"$(inherited)",
				);
				GCC_WARN_64_TO_32_BIT_CONVERSION = YES;
				GCC_WARN_ABOUT_RETURN_TYPE = YES_ERROR;
				GCC_WARN_UNDECLARED_SELECTOR = YES;
				GCC_WARN_UNINITIALIZED_AUTOS = YES_AGGRESSIVE;
				GCC_WARN_UNUSED_FUNCTION = YES;
				GCC_WARN_UNUSED_VARIABLE = YES;
				IPHONEOS_DEPLOYMENT_TARGET = 9.3;
				MTL_ENABLE_DEBUG_INFO = YES;
				ONLY_ACTIVE_ARCH = YES;
				SDKROOT = iphoneos;
				SWIFT_OPTIMIZATION_LEVEL = "-Onone";
			};
			name = Debug;
		};
		220AFBE91D3EB0E70088BB0B /* Release */ = {
			isa = XCBuildConfiguration;
			buildSettings = {
				ALWAYS_SEARCH_USER_PATHS = NO;
				CLANG_ANALYZER_NONNULL = YES;
				CLANG_CXX_LANGUAGE_STANDARD = "gnu++0x";
				CLANG_CXX_LIBRARY = "libc++";
				CLANG_ENABLE_MODULES = YES;
				CLANG_ENABLE_OBJC_ARC = YES;
				CLANG_WARN_BOOL_CONVERSION = YES;
				CLANG_WARN_CONSTANT_CONVERSION = YES;
				CLANG_WARN_DIRECT_OBJC_ISA_USAGE = YES_ERROR;
				CLANG_WARN_EMPTY_BODY = YES;
				CLANG_WARN_ENUM_CONVERSION = YES;
				CLANG_WARN_INT_CONVERSION = YES;
				CLANG_WARN_OBJC_ROOT_CLASS = YES_ERROR;
				CLANG_WARN_UNREACHABLE_CODE = YES;
				CLANG_WARN__DUPLICATE_METHOD_MATCH = YES;
				"CODE_SIGN_IDENTITY[sdk=iphoneos*]" = "iPhone Developer";
				COPY_PHASE_STRIP = NO;
				DEBUG_INFORMATION_FORMAT = "dwarf-with-dsym";
				ENABLE_NS_ASSERTIONS = NO;
				ENABLE_STRICT_OBJC_MSGSEND = YES;
				GCC_C_LANGUAGE_STANDARD = gnu99;
				GCC_NO_COMMON_BLOCKS = YES;
				GCC_WARN_64_TO_32_BIT_CONVERSION = YES;
				GCC_WARN_ABOUT_RETURN_TYPE = YES_ERROR;
				GCC_WARN_UNDECLARED_SELECTOR = YES;
				GCC_WARN_UNINITIALIZED_AUTOS = YES_AGGRESSIVE;
				GCC_WARN_UNUSED_FUNCTION = YES;
				GCC_WARN_UNUSED_VARIABLE = YES;
				IPHONEOS_DEPLOYMENT_TARGET = 9.3;
				MTL_ENABLE_DEBUG_INFO = NO;
				SDKROOT = iphoneos;
				VALIDATE_PRODUCT = YES;
			};
			name = Release;
		};
		220AFBEB1D3EB0E70088BB0B /* Debug */ = {
			isa = XCBuildConfiguration;
			buildSettings = {
				ASSETCATALOG_COMPILER_APPICON_NAME = AppIcon;
				INFOPLIST_FILE = CustomCell/Info.plist;
				LD_RUNPATH_SEARCH_PATHS = "$(inherited) @executable_path/Frameworks";
				PRODUCT_BUNDLE_IDENTIFIER = com.nicolezhou.CustomCell;
				PRODUCT_NAME = "$(TARGET_NAME)";
			};
			name = Debug;
		};
		220AFBEC1D3EB0E70088BB0B /* Release */ = {
			isa = XCBuildConfiguration;
			buildSettings = {
				ASSETCATALOG_COMPILER_APPICON_NAME = AppIcon;
				INFOPLIST_FILE = CustomCell/Info.plist;
				LD_RUNPATH_SEARCH_PATHS = "$(inherited) @executable_path/Frameworks";
				PRODUCT_BUNDLE_IDENTIFIER = com.nicolezhou.CustomCell;
				PRODUCT_NAME = "$(TARGET_NAME)";
			};
			name = Release;
		};
		220AFBEE1D3EB0E70088BB0B /* Debug */ = {
			isa = XCBuildConfiguration;
			buildSettings = {
				BUNDLE_LOADER = "$(TEST_HOST)";
				INFOPLIST_FILE = CustomCellTests/Info.plist;
				LD_RUNPATH_SEARCH_PATHS = "$(inherited) @executable_path/Frameworks @loader_path/Frameworks";
				PRODUCT_BUNDLE_IDENTIFIER = com.nicolezhou.CustomCellTests;
				PRODUCT_NAME = "$(TARGET_NAME)";
				TEST_HOST = "$(BUILT_PRODUCTS_DIR)/CustomCell.app/CustomCell";
			};
			name = Debug;
		};
		220AFBEF1D3EB0E70088BB0B /* Release */ = {
			isa = XCBuildConfiguration;
			buildSettings = {
				BUNDLE_LOADER = "$(TEST_HOST)";
				INFOPLIST_FILE = CustomCellTests/Info.plist;
				LD_RUNPATH_SEARCH_PATHS = "$(inherited) @executable_path/Frameworks @loader_path/Frameworks";
				PRODUCT_BUNDLE_IDENTIFIER = com.nicolezhou.CustomCellTests;
				PRODUCT_NAME = "$(TARGET_NAME)";
				TEST_HOST = "$(BUILT_PRODUCTS_DIR)/CustomCell.app/CustomCell";
			};
			name = Release;
		};
		220AFBF11D3EB0E70088BB0B /* Debug */ = {
			isa = XCBuildConfiguration;
			buildSettings = {
				INFOPLIST_FILE = CustomCellUITests/Info.plist;
				LD_RUNPATH_SEARCH_PATHS = "$(inherited) @executable_path/Frameworks @loader_path/Frameworks";
				PRODUCT_BUNDLE_IDENTIFIER = com.nicolezhou.CustomCellUITests;
				PRODUCT_NAME = "$(TARGET_NAME)";
				TEST_TARGET_NAME = CustomCell;
			};
			name = Debug;
		};
		220AFBF21D3EB0E70088BB0B /* Release */ = {
			isa = XCBuildConfiguration;
			buildSettings = {
				INFOPLIST_FILE = CustomCellUITests/Info.plist;
				LD_RUNPATH_SEARCH_PATHS = "$(inherited) @executable_path/Frameworks @loader_path/Frameworks";
				PRODUCT_BUNDLE_IDENTIFIER = com.nicolezhou.CustomCellUITests;
				PRODUCT_NAME = "$(TARGET_NAME)";
				TEST_TARGET_NAME = CustomCell;
			};
			name = Release;
		};
/* End XCBuildConfiguration section */

/* Begin XCConfigurationList section */
		220AFBBD1D3EB0E70088BB0B /* Build configuration list for PBXProject "CustomCell" */ = {
			isa = XCConfigurationList;
			buildConfigurations = (
				220AFBE81D3EB0E70088BB0B /* Debug */,
				220AFBE91D3EB0E70088BB0B /* Release */,
			);
			defaultConfigurationIsVisible = 0;
			defaultConfigurationName = Release;
		};
		220AFBEA1D3EB0E70088BB0B /* Build configuration list for PBXNativeTarget "CustomCell" */ = {
			isa = XCConfigurationList;
			buildConfigurations = (
				220AFBEB1D3EB0E70088BB0B /* Debug */,
				220AFBEC1D3EB0E70088BB0B /* Release */,
			);
			defaultConfigurationIsVisible = 0;
		};
		220AFBED1D3EB0E70088BB0B /* Build configuration list for PBXNativeTarget "CustomCellTests" */ = {
			isa = XCConfigurationList;
			buildConfigurations = (
				220AFBEE1D3EB0E70088BB0B /* Debug */,
				220AFBEF1D3EB0E70088BB0B /* Release */,
			);
			defaultConfigurationIsVisible = 0;
		};
		220AFBF01D3EB0E70088BB0B /* Build configuration list for PBXNativeTarget "CustomCellUITests" */ = {
			isa = XCConfigurationList;
			buildConfigurations = (
				220AFBF11D3EB0E70088BB0B /* Debug */,
				220AFBF21D3EB0E70088BB0B /* Release */,
			);
			defaultConfigurationIsVisible = 0;
		};
/* End XCConfigurationList section */
	};
	rootObject = 220AFBBA1D3EB0E70088BB0B /* Project object */;
}
